
Microsoft Visual Studio Solution File, Format Version 12.00
# Visual Studio 15
VisualStudioVersion = 15.0.26430.15
MinimumVisualStudioVersion = 10.0.40219.1
Project("{FAE04EC0-301F-11D3-BF4B-00C04F79EFBC}") = "TxBDC_Common", "TxBDC_Common\TxBDC_Common.csproj", "{16BE1AD3-98FD-4C43-B4E9-9485CA8E8500}"
EndProject
Global
	GlobalSection(SolutionConfigurationPlatforms) = preSolution
		Debug|Any CPU = Debug|Any CPU
		Release|Any CPU = Release|Any CPU
	EndGlobalSection
	GlobalSection(ProjectConfigurationPlatforms) = postSolution
		{16BE1AD3-98FD-4C43-B4E9-9485CA8E8500}.Debug|Any CPU.ActiveCfg = Debug|Any CPU
		{16BE1AD3-98FD-4C43-B4E9-9485CA8E8500}.Debug|Any CPU.Build.0 = Debug|Any CPU
		{16BE1AD3-98FD-4C43-B4E9-9485CA8E8500}.Release|Any CPU.ActiveCfg = Release|Any CPU
		{16BE1AD3-98FD-4C43-B4E9-9485CA8E8500}.Release|Any CPU.Build.0 = Release|Any CPU
	EndGlobalSection
	GlobalSection(SolutionProperties) = preSolution
		HideSolutionNode = FALSE
	EndGlobalSection
EndGlobal
